
Microsoft Visual Studio Solution File, Format Version 12.00
# Visual Studio Version 17
VisualStudioVersion = 17.12.35707.178
MinimumVisualStudioVersion = 10.0.40219.1
Project("{FAE04EC0-301F-11D3-BF4B-00C04F79EFBC}") = "SOLID", "SOLID\SOLID.csproj", "{A5A686A8-3292-48B3-B8E5-86344EB2D289}"
EndProject
Project("{FAE04EC0-301F-11D3-BF4B-00C04F79EFBC}") = "Exercice3", "Exercice3\Exercice3.csproj", "{12295498-C2D1-4659-9370-BD98E85F1C1D}"
EndProject
Project("{FAE04EC0-301F-11D3-BF4B-00C04F79EFBC}") = "DllExercice3", "DllExercice3\DllExercice3.csproj", "{4731B50B-20D5-444D-BFEA-81EA1D044746}"
EndProject
Project("{FAE04EC0-301F-11D3-BF4B-00C04F79EFBC}") = "Exercice4", "Exercice4\Exercice4.csproj", "{B230743F-A117-4082-9ED9-F3E799FCE945}"
EndProject
Project("{FAE04EC0-301F-11D3-BF4B-00C04F79EFBC}") = "Ex4Dll", "Ex4Dll\Ex4Dll.csproj", "{75CE5CA7-AB1B-4568-B08A-2707FDEC8E3F}"
EndProject
Global
	GlobalSection(SolutionConfigurationPlatforms) = preSolution
		Debug|Any CPU = Debug|Any CPU
		Release|Any CPU = Release|Any CPU
	EndGlobalSection
	GlobalSection(ProjectConfigurationPlatforms) = postSolution
		{A5A686A8-3292-48B3-B8E5-86344EB2D289}.Debug|Any CPU.ActiveCfg = Debug|Any CPU
		{A5A686A8-3292-48B3-B8E5-86344EB2D289}.Debug|Any CPU.Build.0 = Debug|Any CPU
		{A5A686A8-3292-48B3-B8E5-86344EB2D289}.Release|Any CPU.ActiveCfg = Release|Any CPU
		{A5A686A8-3292-48B3-B8E5-86344EB2D289}.Release|Any CPU.Build.0 = Release|Any CPU
		{12295498-C2D1-4659-9370-BD98E85F1C1D}.Debug|Any CPU.ActiveCfg = Debug|Any CPU
		{12295498-C2D1-4659-9370-BD98E85F1C1D}.Debug|Any CPU.Build.0 = Debug|Any CPU
		{12295498-C2D1-4659-9370-BD98E85F1C1D}.Release|Any CPU.ActiveCfg = Release|Any CPU
		{12295498-C2D1-4659-9370-BD98E85F1C1D}.Release|Any CPU.Build.0 = Release|Any CPU
		{4731B50B-20D5-444D-BFEA-81EA1D044746}.Debug|Any CPU.ActiveCfg = Debug|Any CPU
		{4731B50B-20D5-444D-BFEA-81EA1D044746}.Debug|Any CPU.Build.0 = Debug|Any CPU
		{4731B50B-20D5-444D-BFEA-81EA1D044746}.Release|Any CPU.ActiveCfg = Release|Any CPU
		{4731B50B-20D5-444D-BFEA-81EA1D044746}.Release|Any CPU.Build.0 = Release|Any CPU
		{B230743F-A117-4082-9ED9-F3E799FCE945}.Debug|Any CPU.ActiveCfg = Debug|Any CPU
		{B230743F-A117-4082-9ED9-F3E799FCE945}.Debug|Any CPU.Build.0 = Debug|Any CPU
		{B230743F-A117-4082-9ED9-F3E799FCE945}.Release|Any CPU.ActiveCfg = Release|Any CPU
		{B230743F-A117-4082-9ED9-F3E799FCE945}.Release|Any CPU.Build.0 = Release|Any CPU
		{75CE5CA7-AB1B-4568-B08A-2707FDEC8E3F}.Debug|Any CPU.ActiveCfg = Debug|Any CPU
		{75CE5CA7-AB1B-4568-B08A-2707FDEC8E3F}.Debug|Any CPU.Build.0 = Debug|Any CPU
		{75CE5CA7-AB1B-4568-B08A-2707FDEC8E3F}.Release|Any CPU.ActiveCfg = Release|Any CPU
		{75CE5CA7-AB1B-4568-B08A-2707FDEC8E3F}.Release|Any CPU.Build.0 = Release|Any CPU
	EndGlobalSection
	GlobalSection(SolutionProperties) = preSolution
		HideSolutionNode = FALSE
	EndGlobalSection
EndGlobal
